
Microsoft Visual Studio Solution File, Format Version 12.00
# Visual Studio Version 17
VisualStudioVersion = 17.6.33723.286
MinimumVisualStudioVersion = 10.0.40219.1
Project("{9A19103F-16F7-4668-BE54-9A1E7A4F7556}") = "AsitLib", "AsitLib.csproj", "{9882BC2E-98C5-4825-838F-C0DB9C2A8820}"
EndProject
Global
	GlobalSection(SolutionConfigurationPlatforms) = preSolution
		Debug|Any CPU = Debug|Any CPU
		Release|Any CPU = Release|Any CPU
	EndGlobalSection
	GlobalSection(ProjectConfigurationPlatforms) = postSolution
		{9882BC2E-98C5-4825-838F-C0DB9C2A8820}.Debug|Any CPU.ActiveCfg = Debug|Any CPU
		{9882BC2E-98C5-4825-838F-C0DB9C2A8820}.Debug|Any CPU.Build.0 = Debug|Any CPU
		{9882BC2E-98C5-4825-838F-C0DB9C2A8820}.Release|Any CPU.ActiveCfg = Release|Any CPU
		{9882BC2E-98C5-4825-838F-C0DB9C2A8820}.Release|Any CPU.Build.0 = Release|Any CPU
	EndGlobalSection
	GlobalSection(SolutionProperties) = preSolution
		HideSolutionNode = FALSE
	EndGlobalSection
	GlobalSection(ExtensibilityGlobals) = postSolution
		SolutionGuid = {F346D1EB-88FF-4604-9457-2A9EE13A20C8}
	EndGlobalSection
EndGlobal
