
Microsoft Visual Studio Solution File, Format Version 12.00
# Visual Studio Version 17
VisualStudioVersion = 17.6.33723.286
MinimumVisualStudioVersion = 10.0.40219.1
Project("{9A19103F-16F7-4668-BE54-9A1E7A4F7556}") = "AsitLib", "src\AsitLib\AsitLib.csproj", "{9882BC2E-98C5-4825-838F-C0DB9C2A8820}"
EndProject
Project("{9A19103F-16F7-4668-BE54-9A1E7A4F7556}") = "AsitLib.ConsoleTests", "src\AsitLib.ConsoleTests\AsitLib.ConsoleTests.csproj", "{8BDBFC88-7806-4902-B282-30114B590612}"
EndProject
Project("{FAE04EC0-301F-11D3-BF4B-00C04F79EFBC}") = "AsitLib.Stele", ""src\AsitLib.Stele\AsitLib.Stele.csproj", "{3ABFE1DF-468A-433D-BBDC-8F1CB760C9B3}"
EndProject
Global
	GlobalSection(SolutionConfigurationPlatforms) = preSolution
		Debug|Any CPU = Debug|Any CPU
		Release|Any CPU = Release|Any CPU
	EndGlobalSection
	GlobalSection(ProjectConfigurationPlatforms) = postSolution
		{9882BC2E-98C5-4825-838F-C0DB9C2A8820}.Debug|Any CPU.ActiveCfg = Debug|Any CPU
		{9882BC2E-98C5-4825-838F-C0DB9C2A8820}.Debug|Any CPU.Build.0 = Debug|Any CPU
		{9882BC2E-98C5-4825-838F-C0DB9C2A8820}.Release|Any CPU.ActiveCfg = Release|Any CPU
		{9882BC2E-98C5-4825-838F-C0DB9C2A8820}.Release|Any CPU.Build.0 = Release|Any CPU
		{8BDBFC88-7806-4902-B282-30114B590612}.Debug|Any CPU.ActiveCfg = Debug|Any CPU
		{8BDBFC88-7806-4902-B282-30114B590612}.Debug|Any CPU.Build.0 = Debug|Any CPU
		{8BDBFC88-7806-4902-B282-30114B590612}.Release|Any CPU.ActiveCfg = Release|Any CPU
		{8BDBFC88-7806-4902-B282-30114B590612}.Release|Any CPU.Build.0 = Release|Any CPU
		{3ABFE1DF-468A-433D-BBDC-8F1CB760C9B3}.Debug|Any CPU.ActiveCfg = Debug|Any CPU
		{3ABFE1DF-468A-433D-BBDC-8F1CB760C9B3}.Debug|Any CPU.Build.0 = Debug|Any CPU
		{3ABFE1DF-468A-433D-BBDC-8F1CB760C9B3}.Release|Any CPU.ActiveCfg = Release|Any CPU
		{3ABFE1DF-468A-433D-BBDC-8F1CB760C9B3}.Release|Any CPU.Build.0 = Release|Any CPU
	EndGlobalSection
	GlobalSection(SolutionProperties) = preSolution
		HideSolutionNode = FALSE
	EndGlobalSection
	GlobalSection(ExtensibilityGlobals) = postSolution
		SolutionGuid = {F346D1EB-88FF-4604-9457-2A9EE13A20C8}
	EndGlobalSection
EndGlobal
